
Microsoft Visual Studio Solution File, Format Version 12.00
# Visual Studio 15
VisualStudioVersion = 15.0.26124.0
MinimumVisualStudioVersion = 15.0.26124.0
Project("{FAE04EC0-301F-11D3-BF4B-00C04F79EFBC}") = "bowlingGame", "bowlingGame\bowlingGame.csproj", "{CB9FFE0E-73D2-41DD-BAB9-12FA58FEB305}"
EndProject
Project("{FAE04EC0-301F-11D3-BF4B-00C04F79EFBC}") = "bowlingGameTest", "bowlingGameTest\bowlingGameTest.csproj", "{A2417EDB-B645-4962-8C1B-6C9B31E7333B}"
EndProject
Project("{FAE04EC0-301F-11D3-BF4B-00C04F79EFBC}") = "bowlingGameWebAPI", "bowlingGameWebAPI\bowlingGameWebAPI.csproj", "{AF8A2F21-9CF0-4122-AE3D-0E4A93F0025E}"
EndProject
Project("{FAE04EC0-301F-11D3-BF4B-00C04F79EFBC}") = "bowlingGameWebAPITest", "bowlingGameWebAPITest\bowlingGameWebAPITest.csproj", "{F7B3852F-4C5F-410D-B7B7-D52E7E482AF5}"
EndProject
Global
	GlobalSection(SolutionConfigurationPlatforms) = preSolution
		Debug|Any CPU = Debug|Any CPU
		Debug|x64 = Debug|x64
		Debug|x86 = Debug|x86
		Release|Any CPU = Release|Any CPU
		Release|x64 = Release|x64
		Release|x86 = Release|x86
	EndGlobalSection
	GlobalSection(SolutionProperties) = preSolution
		HideSolutionNode = FALSE
	EndGlobalSection
	GlobalSection(ProjectConfigurationPlatforms) = postSolution
		{CB9FFE0E-73D2-41DD-BAB9-12FA58FEB305}.Debug|Any CPU.ActiveCfg = Debug|Any CPU
		{CB9FFE0E-73D2-41DD-BAB9-12FA58FEB305}.Debug|Any CPU.Build.0 = Debug|Any CPU
		{CB9FFE0E-73D2-41DD-BAB9-12FA58FEB305}.Debug|x64.ActiveCfg = Debug|x64
		{CB9FFE0E-73D2-41DD-BAB9-12FA58FEB305}.Debug|x64.Build.0 = Debug|x64
		{CB9FFE0E-73D2-41DD-BAB9-12FA58FEB305}.Debug|x86.ActiveCfg = Debug|x86
		{CB9FFE0E-73D2-41DD-BAB9-12FA58FEB305}.Debug|x86.Build.0 = Debug|x86
		{CB9FFE0E-73D2-41DD-BAB9-12FA58FEB305}.Release|Any CPU.ActiveCfg = Release|Any CPU
		{CB9FFE0E-73D2-41DD-BAB9-12FA58FEB305}.Release|Any CPU.Build.0 = Release|Any CPU
		{CB9FFE0E-73D2-41DD-BAB9-12FA58FEB305}.Release|x64.ActiveCfg = Release|x64
		{CB9FFE0E-73D2-41DD-BAB9-12FA58FEB305}.Release|x64.Build.0 = Release|x64
		{CB9FFE0E-73D2-41DD-BAB9-12FA58FEB305}.Release|x86.ActiveCfg = Release|x86
		{CB9FFE0E-73D2-41DD-BAB9-12FA58FEB305}.Release|x86.Build.0 = Release|x86
		{A2417EDB-B645-4962-8C1B-6C9B31E7333B}.Debug|Any CPU.ActiveCfg = Debug|Any CPU
		{A2417EDB-B645-4962-8C1B-6C9B31E7333B}.Debug|Any CPU.Build.0 = Debug|Any CPU
		{A2417EDB-B645-4962-8C1B-6C9B31E7333B}.Debug|x64.ActiveCfg = Debug|x64
		{A2417EDB-B645-4962-8C1B-6C9B31E7333B}.Debug|x64.Build.0 = Debug|x64
		{A2417EDB-B645-4962-8C1B-6C9B31E7333B}.Debug|x86.ActiveCfg = Debug|x86
		{A2417EDB-B645-4962-8C1B-6C9B31E7333B}.Debug|x86.Build.0 = Debug|x86
		{A2417EDB-B645-4962-8C1B-6C9B31E7333B}.Release|Any CPU.ActiveCfg = Release|Any CPU
		{A2417EDB-B645-4962-8C1B-6C9B31E7333B}.Release|Any CPU.Build.0 = Release|Any CPU
		{A2417EDB-B645-4962-8C1B-6C9B31E7333B}.Release|x64.ActiveCfg = Release|x64
		{A2417EDB-B645-4962-8C1B-6C9B31E7333B}.Release|x64.Build.0 = Release|x64
		{A2417EDB-B645-4962-8C1B-6C9B31E7333B}.Release|x86.ActiveCfg = Release|x86
		{A2417EDB-B645-4962-8C1B-6C9B31E7333B}.Release|x86.Build.0 = Release|x86
		{AF8A2F21-9CF0-4122-AE3D-0E4A93F0025E}.Debug|Any CPU.ActiveCfg = Debug|Any CPU
		{AF8A2F21-9CF0-4122-AE3D-0E4A93F0025E}.Debug|Any CPU.Build.0 = Debug|Any CPU
		{AF8A2F21-9CF0-4122-AE3D-0E4A93F0025E}.Debug|x64.ActiveCfg = Debug|x64
		{AF8A2F21-9CF0-4122-AE3D-0E4A93F0025E}.Debug|x64.Build.0 = Debug|x64
		{AF8A2F21-9CF0-4122-AE3D-0E4A93F0025E}.Debug|x86.ActiveCfg = Debug|x86
		{AF8A2F21-9CF0-4122-AE3D-0E4A93F0025E}.Debug|x86.Build.0 = Debug|x86
		{AF8A2F21-9CF0-4122-AE3D-0E4A93F0025E}.Release|Any CPU.ActiveCfg = Release|Any CPU
		{AF8A2F21-9CF0-4122-AE3D-0E4A93F0025E}.Release|Any CPU.Build.0 = Release|Any CPU
		{AF8A2F21-9CF0-4122-AE3D-0E4A93F0025E}.Release|x64.ActiveCfg = Release|x64
		{AF8A2F21-9CF0-4122-AE3D-0E4A93F0025E}.Release|x64.Build.0 = Release|x64
		{AF8A2F21-9CF0-4122-AE3D-0E4A93F0025E}.Release|x86.ActiveCfg = Release|x86
		{AF8A2F21-9CF0-4122-AE3D-0E4A93F0025E}.Release|x86.Build.0 = Release|x86
		{F7B3852F-4C5F-410D-B7B7-D52E7E482AF5}.Debug|Any CPU.ActiveCfg = Debug|Any CPU
		{F7B3852F-4C5F-410D-B7B7-D52E7E482AF5}.Debug|Any CPU.Build.0 = Debug|Any CPU
		{F7B3852F-4C5F-410D-B7B7-D52E7E482AF5}.Debug|x64.ActiveCfg = Debug|x64
		{F7B3852F-4C5F-410D-B7B7-D52E7E482AF5}.Debug|x64.Build.0 = Debug|x64
		{F7B3852F-4C5F-410D-B7B7-D52E7E482AF5}.Debug|x86.ActiveCfg = Debug|x86
		{F7B3852F-4C5F-410D-B7B7-D52E7E482AF5}.Debug|x86.Build.0 = Debug|x86
		{F7B3852F-4C5F-410D-B7B7-D52E7E482AF5}.Release|Any CPU.ActiveCfg = Release|Any CPU
		{F7B3852F-4C5F-410D-B7B7-D52E7E482AF5}.Release|Any CPU.Build.0 = Release|Any CPU
		{F7B3852F-4C5F-410D-B7B7-D52E7E482AF5}.Release|x64.ActiveCfg = Release|x64
		{F7B3852F-4C5F-410D-B7B7-D52E7E482AF5}.Release|x64.Build.0 = Release|x64
		{F7B3852F-4C5F-410D-B7B7-D52E7E482AF5}.Release|x86.ActiveCfg = Release|x86
		{F7B3852F-4C5F-410D-B7B7-D52E7E482AF5}.Release|x86.Build.0 = Release|x86
	EndGlobalSection
EndGlobal
